
Microsoft Visual Studio Solution File, Format Version 12.00
# Visual Studio Version 17
VisualStudioVersion = 17.14.36212.18 d17.14
MinimumVisualStudioVersion = 10.0.40219.1
Project("{8BC9CEB8-8B4A-11D0-8D11-00A0C91BC942}") = "ListThread_Used_Event", "ListThread_Used_Event.vcxproj", "{B39D08D7-11CA-4D4F-BF50-B2CF1694F924}"
EndProject
Project("{8BC9CEB8-8B4A-11D0-8D11-00A0C91BC942}") = "Parser_lib", "..\..\_1Course\lib\Parser_lib\Parser_lib.vcxproj", "{AEAEC43E-1516-4224-889B-858C678CE028}"
EndProject
Global
	GlobalSection(SolutionConfigurationPlatforms) = preSolution
		Debug|x64 = Debug|x64
		Debug|x86 = Debug|x86
		Release|x64 = Release|x64
		Release|x86 = Release|x86
	EndGlobalSection
	GlobalSection(ProjectConfigurationPlatforms) = postSolution
		{B39D08D7-11CA-4D4F-BF50-B2CF1694F924}.Debug|x64.ActiveCfg = Debug|x64
		{B39D08D7-11CA-4D4F-BF50-B2CF1694F924}.Debug|x64.Build.0 = Debug|x64
		{B39D08D7-11CA-4D4F-BF50-B2CF1694F924}.Debug|x86.ActiveCfg = Debug|Win32
		{B39D08D7-11CA-4D4F-BF50-B2CF1694F924}.Debug|x86.Build.0 = Debug|Win32
		{B39D08D7-11CA-4D4F-BF50-B2CF1694F924}.Release|x64.ActiveCfg = Release|x64
		{B39D08D7-11CA-4D4F-BF50-B2CF1694F924}.Release|x64.Build.0 = Release|x64
		{B39D08D7-11CA-4D4F-BF50-B2CF1694F924}.Release|x86.ActiveCfg = Release|Win32
		{B39D08D7-11CA-4D4F-BF50-B2CF1694F924}.Release|x86.Build.0 = Release|Win32
		{AEAEC43E-1516-4224-889B-858C678CE028}.Debug|x64.ActiveCfg = Debug|x64
		{AEAEC43E-1516-4224-889B-858C678CE028}.Debug|x64.Build.0 = Debug|x64
		{AEAEC43E-1516-4224-889B-858C678CE028}.Debug|x86.ActiveCfg = Debug|Win32
		{AEAEC43E-1516-4224-889B-858C678CE028}.Debug|x86.Build.0 = Debug|Win32
		{AEAEC43E-1516-4224-889B-858C678CE028}.Release|x64.ActiveCfg = Release|x64
		{AEAEC43E-1516-4224-889B-858C678CE028}.Release|x64.Build.0 = Release|x64
		{AEAEC43E-1516-4224-889B-858C678CE028}.Release|x86.ActiveCfg = Release|Win32
		{AEAEC43E-1516-4224-889B-858C678CE028}.Release|x86.Build.0 = Release|Win32
	EndGlobalSection
	GlobalSection(SolutionProperties) = preSolution
		HideSolutionNode = FALSE
	EndGlobalSection
	GlobalSection(ExtensibilityGlobals) = postSolution
		SolutionGuid = {2803190D-B2D6-48A2-A193-547CAB2643B0}
	EndGlobalSection
EndGlobal
