
Microsoft Visual Studio Solution File, Format Version 12.00
# Visual Studio Version 17
VisualStudioVersion = 17.14.36127.28 d17.14
MinimumVisualStudioVersion = 10.0.40219.1
Project("{8BC9CEB8-8B4A-11D0-8D11-00A0C91BC942}") = "CBlockPool", "CBlockPool.vcxproj", "{B95CEF89-0D6D-4EAA-909F-60F73E3AE3E5}"
EndProject
Global
	GlobalSection(SolutionConfigurationPlatforms) = preSolution
		Debug|x64 = Debug|x64
		Debug|x86 = Debug|x86
		Release|x64 = Release|x64
		Release|x86 = Release|x86
	EndGlobalSection
	GlobalSection(ProjectConfigurationPlatforms) = postSolution
		{B95CEF89-0D6D-4EAA-909F-60F73E3AE3E5}.Debug|x64.ActiveCfg = Debug|x64
		{B95CEF89-0D6D-4EAA-909F-60F73E3AE3E5}.Debug|x64.Build.0 = Debug|x64
		{B95CEF89-0D6D-4EAA-909F-60F73E3AE3E5}.Debug|x86.ActiveCfg = Debug|Win32
		{B95CEF89-0D6D-4EAA-909F-60F73E3AE3E5}.Debug|x86.Build.0 = Debug|Win32
		{B95CEF89-0D6D-4EAA-909F-60F73E3AE3E5}.Release|x64.ActiveCfg = Release|x64
		{B95CEF89-0D6D-4EAA-909F-60F73E3AE3E5}.Release|x64.Build.0 = Release|x64
		{B95CEF89-0D6D-4EAA-909F-60F73E3AE3E5}.Release|x86.ActiveCfg = Release|Win32
		{B95CEF89-0D6D-4EAA-909F-60F73E3AE3E5}.Release|x86.Build.0 = Release|Win32
	EndGlobalSection
	GlobalSection(SolutionProperties) = preSolution
		HideSolutionNode = FALSE
	EndGlobalSection
	GlobalSection(ExtensibilityGlobals) = postSolution
		SolutionGuid = {B7336247-3BAC-4C5A-8EA2-CFD6A0FBFE44}
	EndGlobalSection
EndGlobal
