
Microsoft Visual Studio Solution File, Format Version 12.00
# Visual Studio Version 17
VisualStudioVersion = 17.14.36212.18
MinimumVisualStudioVersion = 10.0.40219.1
Project("{8BC9CEB8-8B4A-11D0-8D11-00A0C91BC942}") = "EchoServer_ContentsThread", "EchoServer_ContentsThread.vcxproj", "{5834150A-861D-4FD2-9AB4-6A65033259AC}"
EndProject
Project("{8BC9CEB8-8B4A-11D0-8D11-00A0C91BC942}") = "MT_CRingBuffer_lib", "..\lib\MT_CRingBuffer_lib\MT_CRingBuffer_lib.vcxproj", "{C5117940-F3EF-4C6C-B22E-4D1F42F22D81}"
EndProject
Project("{8BC9CEB8-8B4A-11D0-8D11-00A0C91BC942}") = "SerializeBuffer_exception", "..\lib\SerializeBuffer_exception\SerializeBuffer_exception.vcxproj", "{1D36FF30-E26E-4F5C-B13C-DB648CE9E8B8}"
EndProject
Project("{8BC9CEB8-8B4A-11D0-8D11-00A0C91BC942}") = "CNetwork_lib", "..\lib\CNetwork_lib\CNetwork_lib.vcxproj", "{0EB45F67-F762-4BF9-9525-0D4EC658B32D}"
EndProject
Project("{8BC9CEB8-8B4A-11D0-8D11-00A0C91BC942}") = "Parser_lib", "..\..\_1Course\lib\Parser_lib\Parser_lib.vcxproj", "{AEAEC43E-1516-4224-889B-858C678CE028}"
EndProject
Project("{8BC9CEB8-8B4A-11D0-8D11-00A0C91BC942}") = "CrushDump_lib", "..\lib\CrushDump_lib\CrushDump_lib\CrushDump_lib.vcxproj", "{B5035720-6CD1-4206-A4D5-C190FAB6CDDE}"
EndProject
Global
	GlobalSection(SolutionConfigurationPlatforms) = preSolution
		Debug|x64 = Debug|x64
		Debug|x86 = Debug|x86
		Release|x64 = Release|x64
		Release|x86 = Release|x86
	EndGlobalSection
	GlobalSection(ProjectConfigurationPlatforms) = postSolution
		{5834150A-861D-4FD2-9AB4-6A65033259AC}.Debug|x64.ActiveCfg = Debug|x64
		{5834150A-861D-4FD2-9AB4-6A65033259AC}.Debug|x64.Build.0 = Debug|x64
		{5834150A-861D-4FD2-9AB4-6A65033259AC}.Debug|x86.ActiveCfg = Debug|Win32
		{5834150A-861D-4FD2-9AB4-6A65033259AC}.Debug|x86.Build.0 = Debug|Win32
		{5834150A-861D-4FD2-9AB4-6A65033259AC}.Release|x64.ActiveCfg = Release|x64
		{5834150A-861D-4FD2-9AB4-6A65033259AC}.Release|x64.Build.0 = Release|x64
		{5834150A-861D-4FD2-9AB4-6A65033259AC}.Release|x86.ActiveCfg = Release|Win32
		{5834150A-861D-4FD2-9AB4-6A65033259AC}.Release|x86.Build.0 = Release|Win32
		{C5117940-F3EF-4C6C-B22E-4D1F42F22D81}.Debug|x64.ActiveCfg = Debug|x64
		{C5117940-F3EF-4C6C-B22E-4D1F42F22D81}.Debug|x64.Build.0 = Debug|x64
		{C5117940-F3EF-4C6C-B22E-4D1F42F22D81}.Debug|x86.ActiveCfg = Debug|Win32
		{C5117940-F3EF-4C6C-B22E-4D1F42F22D81}.Debug|x86.Build.0 = Debug|Win32
		{C5117940-F3EF-4C6C-B22E-4D1F42F22D81}.Release|x64.ActiveCfg = Release|x64
		{C5117940-F3EF-4C6C-B22E-4D1F42F22D81}.Release|x64.Build.0 = Release|x64
		{C5117940-F3EF-4C6C-B22E-4D1F42F22D81}.Release|x86.ActiveCfg = Release|Win32
		{C5117940-F3EF-4C6C-B22E-4D1F42F22D81}.Release|x86.Build.0 = Release|Win32
		{1D36FF30-E26E-4F5C-B13C-DB648CE9E8B8}.Debug|x64.ActiveCfg = Debug|x64
		{1D36FF30-E26E-4F5C-B13C-DB648CE9E8B8}.Debug|x64.Build.0 = Debug|x64
		{1D36FF30-E26E-4F5C-B13C-DB648CE9E8B8}.Debug|x86.ActiveCfg = Debug|Win32
		{1D36FF30-E26E-4F5C-B13C-DB648CE9E8B8}.Debug|x86.Build.0 = Debug|Win32
		{1D36FF30-E26E-4F5C-B13C-DB648CE9E8B8}.Release|x64.ActiveCfg = Release|x64
		{1D36FF30-E26E-4F5C-B13C-DB648CE9E8B8}.Release|x64.Build.0 = Release|x64
		{1D36FF30-E26E-4F5C-B13C-DB648CE9E8B8}.Release|x86.ActiveCfg = Release|Win32
		{1D36FF30-E26E-4F5C-B13C-DB648CE9E8B8}.Release|x86.Build.0 = Release|Win32
		{0EB45F67-F762-4BF9-9525-0D4EC658B32D}.Debug|x64.ActiveCfg = Debug|x64
		{0EB45F67-F762-4BF9-9525-0D4EC658B32D}.Debug|x64.Build.0 = Debug|x64
		{0EB45F67-F762-4BF9-9525-0D4EC658B32D}.Debug|x86.ActiveCfg = Debug|Win32
		{0EB45F67-F762-4BF9-9525-0D4EC658B32D}.Debug|x86.Build.0 = Debug|Win32
		{0EB45F67-F762-4BF9-9525-0D4EC658B32D}.Release|x64.ActiveCfg = Release|x64
		{0EB45F67-F762-4BF9-9525-0D4EC658B32D}.Release|x64.Build.0 = Release|x64
		{0EB45F67-F762-4BF9-9525-0D4EC658B32D}.Release|x86.ActiveCfg = Release|Win32
		{0EB45F67-F762-4BF9-9525-0D4EC658B32D}.Release|x86.Build.0 = Release|Win32
		{AEAEC43E-1516-4224-889B-858C678CE028}.Debug|x64.ActiveCfg = Debug|x64
		{AEAEC43E-1516-4224-889B-858C678CE028}.Debug|x64.Build.0 = Debug|x64
		{AEAEC43E-1516-4224-889B-858C678CE028}.Debug|x86.ActiveCfg = Debug|Win32
		{AEAEC43E-1516-4224-889B-858C678CE028}.Debug|x86.Build.0 = Debug|Win32
		{AEAEC43E-1516-4224-889B-858C678CE028}.Release|x64.ActiveCfg = Release|x64
		{AEAEC43E-1516-4224-889B-858C678CE028}.Release|x64.Build.0 = Release|x64
		{AEAEC43E-1516-4224-889B-858C678CE028}.Release|x86.ActiveCfg = Release|Win32
		{AEAEC43E-1516-4224-889B-858C678CE028}.Release|x86.Build.0 = Release|Win32
		{B5035720-6CD1-4206-A4D5-C190FAB6CDDE}.Debug|x64.ActiveCfg = Debug|x64
		{B5035720-6CD1-4206-A4D5-C190FAB6CDDE}.Debug|x64.Build.0 = Debug|x64
		{B5035720-6CD1-4206-A4D5-C190FAB6CDDE}.Debug|x86.ActiveCfg = Debug|Win32
		{B5035720-6CD1-4206-A4D5-C190FAB6CDDE}.Debug|x86.Build.0 = Debug|Win32
		{B5035720-6CD1-4206-A4D5-C190FAB6CDDE}.Release|x64.ActiveCfg = Release|x64
		{B5035720-6CD1-4206-A4D5-C190FAB6CDDE}.Release|x64.Build.0 = Release|x64
		{B5035720-6CD1-4206-A4D5-C190FAB6CDDE}.Release|x86.ActiveCfg = Release|Win32
		{B5035720-6CD1-4206-A4D5-C190FAB6CDDE}.Release|x86.Build.0 = Release|Win32
	EndGlobalSection
	GlobalSection(SolutionProperties) = preSolution
		HideSolutionNode = FALSE
	EndGlobalSection
	GlobalSection(ExtensibilityGlobals) = postSolution
		SolutionGuid = {E19F0359-F894-4370-813E-86D13ACE5A71}
	EndGlobalSection
EndGlobal
