
Microsoft Visual Studio Solution File, Format Version 12.00
# Visual Studio Version 17
VisualStudioVersion = 17.14.36212.18 d17.14
MinimumVisualStudioVersion = 10.0.40219.1
Project("{8BC9CEB8-8B4A-11D0-8D11-00A0C91BC942}") = "Assembler_CallStack", "Assembler_CallStack\Assembler_CallStack.vcxproj", "{386D25A1-888A-4DB7-82DA-A4D404A08CB7}"
EndProject
Global
	GlobalSection(SolutionConfigurationPlatforms) = preSolution
		Debug|x64 = Debug|x64
		Debug|x86 = Debug|x86
		Release|x64 = Release|x64
		Release|x86 = Release|x86
	EndGlobalSection
	GlobalSection(ProjectConfigurationPlatforms) = postSolution
		{386D25A1-888A-4DB7-82DA-A4D404A08CB7}.Debug|x64.ActiveCfg = Debug|x64
		{386D25A1-888A-4DB7-82DA-A4D404A08CB7}.Debug|x64.Build.0 = Debug|x64
		{386D25A1-888A-4DB7-82DA-A4D404A08CB7}.Debug|x86.ActiveCfg = Debug|Win32
		{386D25A1-888A-4DB7-82DA-A4D404A08CB7}.Debug|x86.Build.0 = Debug|Win32
		{386D25A1-888A-4DB7-82DA-A4D404A08CB7}.Release|x64.ActiveCfg = Release|x64
		{386D25A1-888A-4DB7-82DA-A4D404A08CB7}.Release|x64.Build.0 = Release|x64
		{386D25A1-888A-4DB7-82DA-A4D404A08CB7}.Release|x86.ActiveCfg = Release|Win32
		{386D25A1-888A-4DB7-82DA-A4D404A08CB7}.Release|x86.Build.0 = Release|Win32
	EndGlobalSection
	GlobalSection(SolutionProperties) = preSolution
		HideSolutionNode = FALSE
	EndGlobalSection
	GlobalSection(ExtensibilityGlobals) = postSolution
		SolutionGuid = {755C51F4-27D5-44E5-9FF3-EB60B486D4D9}
	EndGlobalSection
EndGlobal
